
Microsoft Visual Studio Solution File, Format Version 12.00
# Visual Studio Version 17
VisualStudioVersion = 17.7.34003.232
MinimumVisualStudioVersion = 10.0.40219.1
Project("{FAE04EC0-301F-11D3-BF4B-00C04F79EFBC}") = "metot", "metot\metot.csproj", "{72CF3E03-6EC1-4E9F-B3CD-7F446034A868}"
EndProject
Global
	GlobalSection(SolutionConfigurationPlatforms) = preSolution
		Debug|Any CPU = Debug|Any CPU
		Release|Any CPU = Release|Any CPU
	EndGlobalSection
	GlobalSection(ProjectConfigurationPlatforms) = postSolution
		{72CF3E03-6EC1-4E9F-B3CD-7F446034A868}.Debug|Any CPU.ActiveCfg = Debug|Any CPU
		{72CF3E03-6EC1-4E9F-B3CD-7F446034A868}.Debug|Any CPU.Build.0 = Debug|Any CPU
		{72CF3E03-6EC1-4E9F-B3CD-7F446034A868}.Release|Any CPU.ActiveCfg = Release|Any CPU
		{72CF3E03-6EC1-4E9F-B3CD-7F446034A868}.Release|Any CPU.Build.0 = Release|Any CPU
	EndGlobalSection
	GlobalSection(SolutionProperties) = preSolution
		HideSolutionNode = FALSE
	EndGlobalSection
	GlobalSection(ExtensibilityGlobals) = postSolution
		SolutionGuid = {90297CFF-D2D9-46AD-9098-063CEDD45063}
	EndGlobalSection
EndGlobal
